
Microsoft Visual Studio Solution File, Format Version 12.00
# Visual Studio Version 16
VisualStudioVersion = 16.0.30413.136
MinimumVisualStudioVersion = 10.0.40219.1
Project("{FAE04EC0-301F-11D3-BF4B-00C04F79EFBC}") = "AutosApp72", "AutosApp72\AutosApp72.csproj", "{1031DD20-366E-468E-BED5-7ECE7C877669}"
EndProject
Global
	GlobalSection(SolutionConfigurationPlatforms) = preSolution
		Debug|Any CPU = Debug|Any CPU
		Release|Any CPU = Release|Any CPU
	EndGlobalSection
	GlobalSection(ProjectConfigurationPlatforms) = postSolution
		{1031DD20-366E-468E-BED5-7ECE7C877669}.Debug|Any CPU.ActiveCfg = Debug|Any CPU
		{1031DD20-366E-468E-BED5-7ECE7C877669}.Debug|Any CPU.Build.0 = Debug|Any CPU
		{1031DD20-366E-468E-BED5-7ECE7C877669}.Release|Any CPU.ActiveCfg = Release|Any CPU
		{1031DD20-366E-468E-BED5-7ECE7C877669}.Release|Any CPU.Build.0 = Release|Any CPU
	EndGlobalSection
	GlobalSection(SolutionProperties) = preSolution
		HideSolutionNode = FALSE
	EndGlobalSection
	GlobalSection(ExtensibilityGlobals) = postSolution
		SolutionGuid = {FC775AF6-0952-4627-A96B-E70A8C21713F}
	EndGlobalSection
EndGlobal
